<?xml version="1.0" encoding="UTF-8" standalone="yes" ?>
<CodeBlocks_project_file>
	<FileVersion major="1" minor="6" />
	<Project>
		<Option title="CSC275P2CB" />
		<Option pch_mode="2" />
		<Option compiler="gcc" />
		<Build>
			<Target title="Debug">
				<Option output="bin/Debug/CSC275P2CB" prefix_auto="1" extension_auto="1" />
				<Option object_output="obj/Debug/" />
				<Option type="1" />
				<Option compiler="gcc" />
				<Compiler>
					<Add option="-g" />
					<Add directory="include" />
				</Compiler>
			</Target>
			<Target title="Release">
				<Option output="bin/Release/CSC275P2CB" prefix_auto="1" extension_auto="1" />
				<Option object_output="obj/Release/" />
				<Option type="1" />
				<Option compiler="gcc" />
				<Compiler>
					<Add option="-O2" />
					<Add directory="include" />
				</Compiler>
				<Linker>
					<Add option="-s" />
				</Linker>
			</Target>
		</Build>
		<Compiler>
			<Add option="-Wall" />
			<Add option="-fexceptions" />
		</Compiler>
		<Unit filename="include/battle_multipliers.cpp">
			<Option target="&lt;{~None~}&gt;" />
		</Unit>
		<Unit filename="include/charge_moves.h" />
		<Unit filename="include/cp.cpp">
			<Option target="&lt;{~None~}&gt;" />
		</Unit>
		<Unit filename="include/fast_moves.h" />
		<Unit filename="include/move_list.cpp">
			<Option target="&lt;{~None~}&gt;" />
		</Unit>
		<Unit filename="include/poke_db.cpp">
			<Option target="&lt;{~None~}&gt;" />
		</Unit>
		<Unit filename="include/pokemon.h" />
		<Unit filename="include/trainer.h" />
		<Unit filename="include/types.cpp">
			<Option target="&lt;{~None~}&gt;" />
		</Unit>
		<Unit filename="main.cpp" />
		<Unit filename="src/charge_moves.cpp" />
		<Unit filename="src/fast_moves.cpp" />
		<Unit filename="src/pokemon.cpp" />
		<Unit filename="src/trainer.cpp" />
		<Extensions>
			<code_completion />
			<envvars />
			<debugger />
			<lib_finder disable_auto="1" />
		</Extensions>
	</Project>
</CodeBlocks_project_file>
